{
  "requires": true,
  "lockfileVersion": 1,
  "dependencies": {
    "datepicker-bootstrap": {
      "version": "1.9.13",
      "resolved": "https://registry.npmjs.org/datepicker-bootstrap/-/datepicker-bootstrap-1.9.13.tgz",
      "integrity": "sha512-bzokJhozVRxqQ0VYLOVcOpudkaDfE0FML45DN7aKChzIkF+/ilMRYy6MH5OeTVNt/sb+DQyZQGAD5A/5XyGajQ==",
      "requires": {
        "jquery": ">=1.9.1"
      }
    },
    "jquery": {
      "version": "3.4.1",
      "resolved": "https://registry.npmjs.org/jquery/-/jquery-3.4.1.tgz",
      "integrity": "sha512-36+AdBzCL+y6qjw5Tx7HgzeGCzC81MDDgaUP8ld2zhx58HdqXGoBd+tHdrBMiyjGQs0Hxs/MLZTu/eHNJJuWPw=="
    }
  }
}
